PODS:
  - GLCalendarView (1.2.1)
  - JBChartView (2.8.16)
  - Shimmer (1.0.2)

DEPENDENCIES:
  - GLCalendarView (~> 1.2)
  - JBChartView
  - Shimmer

SPEC CHECKSUMS:
  GLCalendarView: 9d0be9a332bc09f556a79600a0d2d1404806f719
  JBChartView: 8e65b7fbb4e7f1f2c0197575734fce4af1c19e17
  Shimmer: c5374be1c2b0c9e292fb05b339a513cf291cac86

COCOAPODS: 0.39.0
